
Microsoft Visual Studio Solution File, Format Version 12.00
# Visual Studio Express 14 for Windows Desktop
VisualStudioVersion = 14.0.24720.0
MinimumVisualStudioVersion = 10.0.40219.1
Project("{FAE04EC0-301F-11D3-BF4B-00C04F79EFBC}") = "ConfigScreenOnCascadeTran", "ConfigScreenOnCascadeTran\ConfigScreenOnCascadeTran.csproj", "{B30ADA1B-D61A-4119-8495-A9CD417F5E6F}"
EndProject
Project("{FAE04EC0-301F-11D3-BF4B-00C04F79EFBC}") = "DniproClient", "..\..\..\..\..\..\FTS\DniproClient.NET\DniproClient\DniproClient.csproj", "{44F08B5F-EEC3-49A3-B34D-B64071155814}"
EndProject
Global
	GlobalSection(SolutionConfigurationPlatforms) = preSolution
		Debug|Any CPU = Debug|Any CPU
		Release|Any CPU = Release|Any CPU
	EndGlobalSection
	GlobalSection(ProjectConfigurationPlatforms) = postSolution
		{B30ADA1B-D61A-4119-8495-A9CD417F5E6F}.Debug|Any CPU.ActiveCfg = Debug|Any CPU
		{B30ADA1B-D61A-4119-8495-A9CD417F5E6F}.Debug|Any CPU.Build.0 = Debug|Any CPU
		{B30ADA1B-D61A-4119-8495-A9CD417F5E6F}.Release|Any CPU.ActiveCfg = Release|Any CPU
		{B30ADA1B-D61A-4119-8495-A9CD417F5E6F}.Release|Any CPU.Build.0 = Release|Any CPU
		{44F08B5F-EEC3-49A3-B34D-B64071155814}.Debug|Any CPU.ActiveCfg = Debug|Any CPU
		{44F08B5F-EEC3-49A3-B34D-B64071155814}.Debug|Any CPU.Build.0 = Debug|Any CPU
		{44F08B5F-EEC3-49A3-B34D-B64071155814}.Release|Any CPU.ActiveCfg = Release|Any CPU
		{44F08B5F-EEC3-49A3-B34D-B64071155814}.Release|Any CPU.Build.0 = Release|Any CPU
	EndGlobalSection
	GlobalSection(SolutionProperties) = preSolution
		HideSolutionNode = FALSE
	EndGlobalSection
EndGlobal
