<?xml version="1.0" encoding="utf-8"?>
<Project ToolsVersion="4.0" xmlns="http://schemas.microsoft.com/developer/msbuild/2003">
  <ItemGroup>
    <Filter Include="Source Files">
      <UniqueIdentifier>{4FC737F1-C7A5-4376-A066-2A32D752A2FF}</UniqueIdentifier>
      <Extensions>cpp;c;cc;cxx;def;odl;idl;hpj;bat;asm;asmx</Extensions>
    </Filter>
    <Filter Include="Header Files">
      <UniqueIdentifier>{93995380-89BD-4b04-88EB-625FBE52EBFB}</UniqueIdentifier>
      <Extensions>h;hpp;hxx;hm;inl;inc;xsd</Extensions>
    </Filter>
    <Filter Include="Resource Files">
      <UniqueIdentifier>{67DA6AB6-F800-4c08-8B7A-83BB121AAD01}</UniqueIdentifier>
      <Extensions>rc;ico;cur;bmp;dlg;rc2;rct;bin;rgs;gif;jpg;jpeg;jpe;resx;tiff;tif;png;wav;mfcribbon-ms</Extensions>
    </Filter>
    <Filter Include="Header Files\Transaction">
      <UniqueIdentifier>{a07742b7-5c75-4ce1-a7cb-b15fe773103d}</UniqueIdentifier>
    </Filter>
    <Filter Include="Header Files\HArray">
      <UniqueIdentifier>{c7eea9ee-4e09-42ff-94e9-9ff022f32f44}</UniqueIdentifier>
    </Filter>
    <Filter Include="Source Files\HArray">
      <UniqueIdentifier>{62503676-f14a-41da-b1f3-d9697c03212f}</UniqueIdentifier>
    </Filter>
    <Filter Include="Source Files\Transaction">
      <UniqueIdentifier>{3ff176af-3169-413e-b078-51085492fcce}</UniqueIdentifier>
    </Filter>
  </ItemGroup>
  <ItemGroup>
    <ClInclude Include="stdafx.h">
      <Filter>Header Files</Filter>
    </ClInclude>
    <ClInclude Include="DniproDB.h">
      <Filter>Header Files</Filter>
    </ClInclude>
    <ClInclude Include="DniproQuery.h">
      <Filter>Header Files</Filter>
    </ClInclude>
    <ClInclude Include="Server.h">
      <Filter>Header Files</Filter>
    </ClInclude>
    <ClInclude Include="IndexesPool.h">
      <Filter>Header Files</Filter>
    </ClInclude>
    <ClInclude Include="AttrValuesPool.h">
      <Filter>Header Files</Filter>
    </ClInclude>
    <ClInclude Include="Storage.h">
      <Filter>Header Files</Filter>
    </ClInclude>
    <ClInclude Include="HArrayFixBase.h">
      <Filter>Header Files\HArray</Filter>
    </ClInclude>
    <ClInclude Include="HArrayVarRAM.h">
      <Filter>Header Files\HArray</Filter>
    </ClInclude>
    <ClInclude Include="HArrayTran.h">
      <Filter>Header Files\Transaction</Filter>
    </ClInclude>
    <ClInclude Include="HArrayTranItemsPool.h">
      <Filter>Header Files\Transaction</Filter>
    </ClInclude>
    <ClInclude Include="HArrayTranItems.h">
      <Filter>Header Files\Transaction</Filter>
    </ClInclude>
    <ClInclude Include="ReadedList.h">
      <Filter>Header Files\Transaction</Filter>
    </ClInclude>
    <ClInclude Include="DniproError.h">
      <Filter>Header Files</Filter>
    </ClInclude>
    <ClInclude Include="DniproInfo.h">
      <Filter>Header Files</Filter>
    </ClInclude>
    <ClInclude Include="DniproInterpreter.h">
      <Filter>Header Files</Filter>
    </ClInclude>
    <ClInclude Include="Test.h">
      <Filter>Header Files</Filter>
    </ClInclude>
    <ClInclude Include="HArrayTranItemKeysPool.h">
      <Filter>Header Files\Transaction</Filter>
    </ClInclude>
    <ClInclude Include="BinFile.h">
      <Filter>Header Files</Filter>
    </ClInclude>
  </ItemGroup>
  <ItemGroup>
    <ClCompile Include="Main.cpp">
      <Filter>Source Files</Filter>
    </ClCompile>
    <ClCompile Include="DniproDB_scan.cpp">
      <Filter>Source Files</Filter>
    </ClCompile>
    <ClCompile Include="DniproDB_tran.cpp">
      <Filter>Source Files</Filter>
    </ClCompile>
    <ClCompile Include="DniproDB_query.cpp">
      <Filter>Source Files</Filter>
    </ClCompile>
    <ClCompile Include="HArrayVarRAM_delValueByKey.cpp">
      <Filter>Source Files\HArray</Filter>
    </ClCompile>
    <ClCompile Include="HArrayVarRAM_getKeysAndValuesByRange.cpp">
      <Filter>Source Files\HArray</Filter>
    </ClCompile>
    <ClCompile Include="HArrayVarRAM_getValueByKey.cpp">
      <Filter>Source Files\HArray</Filter>
    </ClCompile>
    <ClCompile Include="HArrayVarRAM_getValuesByRange.cpp">
      <Filter>Source Files\HArray</Filter>
    </ClCompile>
    <ClCompile Include="HArrayVarRAM_hasPartKey.cpp">
      <Filter>Source Files\HArray</Filter>
    </ClCompile>
    <ClCompile Include="HArrayVarRAM_insert.cpp">
      <Filter>Source Files\HArray</Filter>
    </ClCompile>
    <ClCompile Include="HArrayVarRAM_scanKeysAndValues.cpp">
      <Filter>Source Files\HArray</Filter>
    </ClCompile>
    <ClCompile Include="Server.cpp">
      <Filter>Source Files</Filter>
    </ClCompile>
    <ClCompile Include="DniproInterpreter.cpp">
      <Filter>Source Files</Filter>
    </ClCompile>
    <ClCompile Include="DniproDB_shrink.cpp">
      <Filter>Source Files</Filter>
    </ClCompile>
  </ItemGroup>
  <ItemGroup>
    <None Include="FixedValue.txt" />
  </ItemGroup>
</Project>